// !$*UTF8*$!
{
	archiveVersion = 1;
	classes = {
	};
	objectVersion = 56;
	objects = {

/* Begin PBXBuildFile section */
		BE84A80D2DFEA32B0041988F /* AppDelegate.swift in Sources */ = {isa = PBXBuildFile; fileRef = BE84A80C2DFEA32B0041988F /* AppDelegate.swift */; };
		BE84A80F2DFEA32B0041988F /* ViewController.swift in Sources */ = {isa = PBXBuildFile; fileRef = BE84A80E2DFEA32B0041988F /* ViewController.swift */; };
		BE84A8112DFEA32C0041988F /* Assets.xcassets in Resources */ = {isa = PBXBuildFile; fileRef = BE84A8102DFEA32C0041988F /* Assets.xcassets */; };
		BE84A8142DFEA32C0041988F /* Base in Resources */ = {isa = PBXBuildFile; fileRef = BE84A8132DFEA32C0041988F /* Base */; };
		BE84A81F2DFEA32C0041988F /* FlowKeysTests.swift in Sources */ = {isa = PBXBuildFile; fileRef = BE84A81E2DFEA32C0041988F /* FlowKeysTests.swift */; };
		BE84A8292DFEA32C0041988F /* FlowKeysUITests.swift in Sources */ = {isa = PBXBuildFile; fileRef = BE84A8282DFEA32C0041988F /* FlowKeysUITests.swift */; };
		BE84A82B2DFEA32C0041988F /* FlowKeysUITestsLaunchTests.swift in Sources */ = {isa = PBXBuildFile; fileRef = BE84A82A2DFEA32C0041988F /* FlowKeysUITestsLaunchTests.swift */; };
/* End PBXBuildFile section */

/* Begin PBXContainerItemProxy section */
		BE84A81B2DFEA32C0041988F /* PBXContainerItemProxy */ = {
			isa = PBXContainerItemProxy;
			containerPortal = BE84A8012DFEA32B0041988F /* Project object */;
			proxyType = 1;
			remoteGlobalIDString = BE84A8082DFEA32B0041988F;
			remoteInfo = FlowKeys;
		};
		BE84A8252DFEA32C0041988F /* PBXContainerItemProxy */ = {
			isa = PBXContainerItemProxy;
			containerPortal = BE84A8012DFEA32B0041988F /* Project object */;
			proxyType = 1;
			remoteGlobalIDString = BE84A8082DFEA32B0041988F;
			remoteInfo = FlowKeys;
		};
/* End PBXContainerItemProxy section */

/* Begin PBXFileReference section */
		BE84A8092DFEA32B0041988F /* FlowKeys.app */ = {isa = PBXFileReference; explicitFileType = wrapper.application; includeInIndex = 0; path = FlowKeys.app; sourceTree = BUILT_PRODUCTS_DIR; };
		BE84A80C2DFEA32B0041988F /* AppDelegate.swift */ = {isa = PBXFileReference; lastKnownFileType = sourcecode.swift; path = AppDelegate.swift; sourceTree = "<group>"; };
		BE84A80E2DFEA32B0041988F /* ViewController.swift */ = {isa = PBXFileReference; lastKnownFileType = sourcecode.swift; path = ViewController.swift; sourceTree = "<group>"; };
		BE84A8102DFEA32C0041988F /* Assets.xcassets */ = {isa = PBXFileReference; lastKnownFileType = folder.assetcatalog; path = Assets.xcassets; sourceTree = "<group>"; };
		BE84A8132DFEA32C0041988F /* Base */ = {isa = PBXFileReference; lastKnownFileType = file.storyboard; name = Base; path = Base.lproj/Main.storyboard; sourceTree = "<group>"; };
		BE84A8152DFEA32C0041988F /* FlowKeys.entitlements */ = {isa = PBXFileReference; lastKnownFileType = text.plist.entitlements; path = FlowKeys.entitlements; sourceTree = "<group>"; };
		BE84A81A2DFEA32C0041988F /* FlowKeysTests.xctest */ = {isa = PBXFileReference; explicitFileType = wrapper.cfbundle; includeInIndex = 0; path = FlowKeysTests.xctest; sourceTree = BUILT_PRODUCTS_DIR; };
		BE84A81E2DFEA32C0041988F /* FlowKeysTests.swift */ = {isa = PBXFileReference; lastKnownFileType = sourcecode.swift; path = FlowKeysTests.swift; sourceTree = "<group>"; };
		BE84A8242DFEA32C0041988F /* FlowKeysUITests.xctest */ = {isa = PBXFileReference; explicitFileType = wrapper.cfbundle; includeInIndex = 0; path = FlowKeysUITests.xctest; sourceTree = BUILT_PRODUCTS_DIR; };
		BE84A8282DFEA32C0041988F /* FlowKeysUITests.swift */ = {isa = PBXFileReference; lastKnownFileType = sourcecode.swift; path = FlowKeysUITests.swift; sourceTree = "<group>"; };
		BE84A82A2DFEA32C0041988F /* FlowKeysUITestsLaunchTests.swift */ = {isa = PBXFileReference; lastKnownFileType = sourcecode.swift; path = FlowKeysUITestsLaunchTests.swift; sourceTree = "<group>"; };
/* End PBXFileReference section */

/* Begin PBXFrameworksBuildPhase section */
		BE84A8062DFEA32B0041988F /* Frameworks */ = {
			isa = PBXFrameworksBuildPhase;
			buildActionMask = 2147483647;
			files = (
			);
			runOnlyForDeploymentPostprocessing = 0;
		};
		BE84A8172DFEA32C0041988F /* Frameworks */ = {
			isa = PBXFrameworksBuildPhase;
			buildActionMask = 2147483647;
			files = (
			);
			runOnlyForDeploymentPostprocessing = 0;
		};
		BE84A8212DFEA32C0041988F /* Frameworks */ = {
			isa = PBXFrameworksBuildPhase;
			buildActionMask = 2147483647;
			files = (
			);
			runOnlyForDeploymentPostprocessing = 0;
		};
/* End PBXFrameworksBuildPhase section */

/* Begin PBXGroup section */
		BE84A8002DFEA32B0041988F = {
			isa = PBXGroup;
			children = (
				BE84A80B2DFEA32B0041988F /* FlowKeys */,
				BE84A81D2DFEA32C0041988F /* FlowKeysTests */,
				BE84A8272DFEA32C0041988F /* FlowKeysUITests */,
				BE84A80A2DFEA32B0041988F /* Products */,
			);
			sourceTree = "<group>";
		};
		BE84A80A2DFEA32B0041988F /* Products */ = {
			isa = PBXGroup;
			children = (
				BE84A8092DFEA32B0041988F /* FlowKeys.app */,
				BE84A81A2DFEA32C0041988F /* FlowKeysTests.xctest */,
				BE84A8242DFEA32C0041988F /* FlowKeysUITests.xctest */,
			);
			name = Products;
			sourceTree = "<group>";
		};
		BE84A80B2DFEA32B0041988F /* FlowKeys */ = {
			isa = PBXGroup;
			children = (
				BE84A80C2DFEA32B0041988F /* AppDelegate.swift */,
				BE84A80E2DFEA32B0041988F /* ViewController.swift */,
				BE84A8102DFEA32C0041988F /* Assets.xcassets */,
				BE84A8122DFEA32C0041988F /* Main.storyboard */,
				BE84A8152DFEA32C0041988F /* FlowKeys.entitlements */,
			);
			path = FlowKeys;
			sourceTree = "<group>";
		};
		BE84A81D2DFEA32C0041988F /* FlowKeysTests */ = {
			isa = PBXGroup;
			children = (
				BE84A81E2DFEA32C0041988F /* FlowKeysTests.swift */,
			);
			path = FlowKeysTests;
			sourceTree = "<group>";
		};
		BE84A8272DFEA32C0041988F /* FlowKeysUITests */ = {
			isa = PBXGroup;
			children = (
				BE84A8282DFEA32C0041988F /* FlowKeysUITests.swift */,
				BE84A82A2DFEA32C0041988F /* FlowKeysUITestsLaunchTests.swift */,
			);
			path = FlowKeysUITests;
			sourceTree = "<group>";
		};
/* End PBXGroup section */

/* Begin PBXNativeTarget section */
		BE84A8082DFEA32B0041988F /* FlowKeys */ = {
			isa = PBXNativeTarget;
			buildConfigurationList = BE84A82E2DFEA32C0041988F /* Build configuration list for PBXNativeTarget "FlowKeys" */;
			buildPhases = (
				BE84A8052DFEA32B0041988F /* Sources */,
				BE84A8062DFEA32B0041988F /* Frameworks */,
				BE84A8072DFEA32B0041988F /* Resources */,
			);
			buildRules = (
			);
			dependencies = (
			);
			name = FlowKeys;
			productName = FlowKeys;
			productReference = BE84A8092DFEA32B0041988F /* FlowKeys.app */;
			productType = "com.apple.product-type.application";
		};
		BE84A8192DFEA32C0041988F /* FlowKeysTests */ = {
			isa = PBXNativeTarget;
			buildConfigurationList = BE84A8312DFEA32C0041988F /* Build configuration list for PBXNativeTarget "FlowKeysTests" */;
			buildPhases = (
				BE84A8162DFEA32C0041988F /* Sources */,
				BE84A8172DFEA32C0041988F /* Frameworks */,
				BE84A8182DFEA32C0041988F /* Resources */,
			);
			buildRules = (
			);
			dependencies = (
				BE84A81C2DFEA32C0041988F /* PBXTargetDependency */,
			);
			name = FlowKeysTests;
			productName = FlowKeysTests;
			productReference = BE84A81A2DFEA32C0041988F /* FlowKeysTests.xctest */;
			productType = "com.apple.product-type.bundle.unit-test";
		};
		BE84A8232DFEA32C0041988F /* FlowKeysUITests */ = {
			isa = PBXNativeTarget;
			buildConfigurationList = BE84A8342DFEA32C0041988F /* Build configuration list for PBXNativeTarget "FlowKeysUITests" */;
			buildPhases = (
				BE84A8202DFEA32C0041988F /* Sources */,
				BE84A8212DFEA32C0041988F /* Frameworks */,
				BE84A8222DFEA32C0041988F /* Resources */,
			);
			buildRules = (
			);
			dependencies = (
				BE84A8262DFEA32C0041988F /* PBXTargetDependency */,
			);
			name = FlowKeysUITests;
			productName = FlowKeysUITests;
			productReference = BE84A8242DFEA32C0041988F /* FlowKeysUITests.xctest */;
			productType = "com.apple.product-type.bundle.ui-testing";
		};
/* End PBXNativeTarget section */

/* Begin PBXProject section */
		BE84A8012DFEA32B0041988F /* Project object */ = {
			isa = PBXProject;
			attributes = {
				BuildIndependentTargetsInParallel = 1;
				LastSwiftUpdateCheck = 1540;
				LastUpgradeCheck = 1540;
				TargetAttributes = {
					BE84A8082DFEA32B0041988F = {
						CreatedOnToolsVersion = 15.4;
					};
					BE84A8192DFEA32C0041988F = {
						CreatedOnToolsVersion = 15.4;
						TestTargetID = BE84A8082DFEA32B0041988F;
					};
					BE84A8232DFEA32C0041988F = {
						CreatedOnToolsVersion = 15.4;
						TestTargetID = BE84A8082DFEA32B0041988F;
					};
				};
			};
			buildConfigurationList = BE84A8042DFEA32B0041988F /* Build configuration list for PBXProject "FlowKeys" */;
			compatibilityVersion = "Xcode 14.0";
			developmentRegion = en;
			hasScannedForEncodings = 0;
			knownRegions = (
				en,
				Base,
			);
			mainGroup = BE84A8002DFEA32B0041988F;
			productRefGroup = BE84A80A2DFEA32B0041988F /* Products */;
			projectDirPath = "";
			projectRoot = "";
			targets = (
				BE84A8082DFEA32B0041988F /* FlowKeys */,
				BE84A8192DFEA32C0041988F /* FlowKeysTests */,
				BE84A8232DFEA32C0041988F /* FlowKeysUITests */,
			);
		};
/* End PBXProject section */

/* Begin PBXResourcesBuildPhase section */
		BE84A8072DFEA32B0041988F /* Resources */ = {
			isa = PBXResourcesBuildPhase;
			buildActionMask = 2147483647;
			files = (
				BE84A8112DFEA32C0041988F /* Assets.xcassets in Resources */,
				BE84A8142DFEA32C0041988F /* Base in Resources */,
			);
			runOnlyForDeploymentPostprocessing = 0;
		};
		BE84A8182DFEA32C0041988F /* Resources */ = {
			isa = PBXResourcesBuildPhase;
			buildActionMask = 2147483647;
			files = (
			);
			runOnlyForDeploymentPostprocessing = 0;
		};
		BE84A8222DFEA32C0041988F /* Resources */ = {
			isa = PBXResourcesBuildPhase;
			buildActionMask = 2147483647;
			files = (
			);
			runOnlyForDeploymentPostprocessing = 0;
		};
/* End PBXResourcesBuildPhase section */

/* Begin PBXSourcesBuildPhase section */
		BE84A8052DFEA32B0041988F /* Sources */ = {
			isa = PBXSourcesBuildPhase;
			buildActionMask = 2147483647;
			files = (
				BE84A80F2DFEA32B0041988F /* ViewController.swift in Sources */,
				BE84A80D2DFEA32B0041988F /* AppDelegate.swift in Sources */,
			);
			runOnlyForDeploymentPostprocessing = 0;
		};
		BE84A8162DFEA32C0041988F /* Sources */ = {
			isa = PBXSourcesBuildPhase;
			buildActionMask = 2147483647;
			files = (
				BE84A81F2DFEA32C0041988F /* FlowKeysTests.swift in Sources */,
			);
			runOnlyForDeploymentPostprocessing = 0;
		};
		BE84A8202DFEA32C0041988F /* Sources */ = {
			isa = PBXSourcesBuildPhase;
			buildActionMask = 2147483647;
			files = (
				BE84A82B2DFEA32C0041988F /* FlowKeysUITestsLaunchTests.swift in Sources */,
				BE84A8292DFEA32C0041988F /* FlowKeysUITests.swift in Sources */,
			);
			runOnlyForDeploymentPostprocessing = 0;
		};
/* End PBXSourcesBuildPhase section */

/* Begin PBXTargetDependency section */
		BE84A81C2DFEA32C0041988F /* PBXTargetDependency */ = {
			isa = PBXTargetDependency;
			target = BE84A8082DFEA32B0041988F /* FlowKeys */;
			targetProxy = BE84A81B2DFEA32C0041988F /* PBXContainerItemProxy */;
		};
		BE84A8262DFEA32C0041988F /* PBXTargetDependency */ = {
			isa = PBXTargetDependency;
			target = BE84A8082DFEA32B0041988F /* FlowKeys */;
			targetProxy = BE84A8252DFEA32C0041988F /* PBXContainerItemProxy */;
		};
/* End PBXTargetDependency section */

/* Begin PBXVariantGroup section */
		BE84A8122DFEA32C0041988F /* Main.storyboard */ = {
			isa = PBXVariantGroup;
			children = (
				BE84A8132DFEA32C0041988F /* Base */,
			);
			name = Main.storyboard;
			sourceTree = "<group>";
		};
/* End PBXVariantGroup section */

/* Begin XCBuildConfiguration section */
		BE84A82C2DFEA32C0041988F /* Debug */ = {
			isa = XCBuildConfiguration;
			buildSettings = {
				ALWAYS_SEARCH_USER_PATHS = NO;
				ASSETCATALOG_COMPILER_GENERATE_SWIFT_ASSET_SYMBOL_EXTENSIONS = YES;
				CLANG_ANALYZER_NONNULL = YES;
				CLANG_ANALYZER_NUMBER_OBJECT_CONVERSION = YES_AGGRESSIVE;
				CLANG_CXX_LANGUAGE_STANDARD = "gnu++20";
				CLANG_ENABLE_MODULES = YES;
				CLANG_ENABLE_OBJC_ARC = YES;
				CLANG_ENABLE_OBJC_WEAK = YES;
				CLANG_WARN_BLOCK_CAPTURE_AUTORELEASING = YES;
				CLANG_WARN_BOOL_CONVERSION = YES;
				CLANG_WARN_COMMA = YES;
				CLANG_WARN_CONSTANT_CONVERSION = YES;
				CLANG_WARN_DEPRECATED_OBJC_IMPLEMENTATIONS = YES;
				CLANG_WARN_DIRECT_OBJC_ISA_USAGE = YES_ERROR;
				CLANG_WARN_DOCUMENTATION_COMMENTS = YES;
				CLANG_WARN_EMPTY_BODY = YES;
				CLANG_WARN_ENUM_CONVERSION = YES;
				CLANG_WARN_INFINITE_RECURSION = YES;
				CLANG_WARN_INT_CONVERSION = YES;
				CLANG_WARN_NON_LITERAL_NULL_CONVERSION = YES;
				CLANG_WARN_OBJC_IMPLICIT_RETAIN_SELF = YES;
				CLANG_WARN_OBJC_LITERAL_CONVERSION = YES;
				CLANG_WARN_OBJC_ROOT_CLASS = YES_ERROR;
				CLANG_WARN_QUOTED_INCLUDE_IN_FRAMEWORK_HEADER = YES;
				CLANG_WARN_RANGE_LOOP_ANALYSIS = YES;
				CLANG_WARN_STRICT_PROTOTYPES = YES;
				CLANG_WARN_SUSPICIOUS_MOVE = YES;
				CLANG_WARN_UNGUARDED_AVAILABILITY = YES_AGGRESSIVE;
				CLANG_WARN_UNREACHABLE_CODE = YES;
				CLANG_WARN__DUPLICATE_METHOD_MATCH = YES;
				COPY_PHASE_STRIP = NO;
				DEBUG_INFORMATION_FORMAT = dwarf;
				ENABLE_STRICT_OBJC_MSGSEND = YES;
				ENABLE_TESTABILITY = YES;
				ENABLE_USER_SCRIPT_SANDBOXING = YES;
				GCC_C_LANGUAGE_STANDARD = gnu17;
				GCC_DYNAMIC_NO_PIC = NO;
				GCC_NO_COMMON_BLOCKS = YES;
				GCC_OPTIMIZATION_LEVEL = 0;
				GCC_PREPROCESSOR_DEFINITIONS = (
					"DEBUG=1",
					"$(inherited)",
				);
				GCC_WARN_64_TO_32_BIT_CONVERSION = YES;
				GCC_WARN_ABOUT_RETURN_TYPE = YES_ERROR;
				GCC_WARN_UNDECLARED_SELECTOR = YES;
				GCC_WARN_UNINITIALIZED_AUTOS = YES_AGGRESSIVE;
				GCC_WARN_UNUSED_FUNCTION = YES;
				GCC_WARN_UNUSED_VARIABLE = YES;
				LOCALIZATION_PREFERS_STRING_CATALOGS = YES;
				MACOSX_DEPLOYMENT_TARGET = 14.1;
				MTL_ENABLE_DEBUG_INFO = INCLUDE_SOURCE;
				MTL_FAST_MATH = YES;
				ONLY_ACTIVE_ARCH = YES;
				SDKROOT = macosx;
				SWIFT_ACTIVE_COMPILATION_CONDITIONS = "DEBUG $(inherited)";
				SWIFT_OPTIMIZATION_LEVEL = "-Onone";
			};
			name = Debug;
		};
		BE84A82D2DFEA32C0041988F /* Release */ = {
			isa = XCBuildConfiguration;
			buildSettings = {
				ALWAYS_SEARCH_USER_PATHS = NO;
				ASSETCATALOG_COMPILER_GENERATE_SWIFT_ASSET_SYMBOL_EXTENSIONS = YES;
				CLANG_ANALYZER_NONNULL = YES;
				CLANG_ANALYZER_NUMBER_OBJECT_CONVERSION = YES_AGGRESSIVE;
				CLANG_CXX_LANGUAGE_STANDARD = "gnu++20";
				CLANG_ENABLE_MODULES = YES;
				CLANG_ENABLE_OBJC_ARC = YES;
				CLANG_ENABLE_OBJC_WEAK = YES;
				CLANG_WARN_BLOCK_CAPTURE_AUTORELEASING = YES;
				CLANG_WARN_BOOL_CONVERSION = YES;
				CLANG_WARN_COMMA = YES;
				CLANG_WARN_CONSTANT_CONVERSION = YES;
				CLANG_WARN_DEPRECATED_OBJC_IMPLEMENTATIONS = YES;
				CLANG_WARN_DIRECT_OBJC_ISA_USAGE = YES_ERROR;
				CLANG_WARN_DOCUMENTATION_COMMENTS = YES;
				CLANG_WARN_EMPTY_BODY = YES;
				CLANG_WARN_ENUM_CONVERSION = YES;
				CLANG_WARN_INFINITE_RECURSION = YES;
				CLANG_WARN_INT_CONVERSION = YES;
				CLANG_WARN_NON_LITERAL_NULL_CONVERSION = YES;
				CLANG_WARN_OBJC_IMPLICIT_RETAIN_SELF = YES;
				CLANG_WARN_OBJC_LITERAL_CONVERSION = YES;
				CLANG_WARN_OBJC_ROOT_CLASS = YES_ERROR;
				CLANG_WARN_QUOTED_INCLUDE_IN_FRAMEWORK_HEADER = YES;
				CLANG_WARN_RANGE_LOOP_ANALYSIS = YES;
				CLANG_WARN_STRICT_PROTOTYPES = YES;
				CLANG_WARN_SUSPICIOUS_MOVE = YES;
				CLANG_WARN_UNGUARDED_AVAILABILITY = YES_AGGRESSIVE;
				CLANG_WARN_UNREACHABLE_CODE = YES;
				CLANG_WARN__DUPLICATE_METHOD_MATCH = YES;
				COPY_PHASE_STRIP = NO;
				DEBUG_INFORMATION_FORMAT = "dwarf-with-dsym";
				ENABLE_NS_ASSERTIONS = NO;
				ENABLE_STRICT_OBJC_MSGSEND = YES;
				ENABLE_USER_SCRIPT_SANDBOXING = YES;
				GCC_C_LANGUAGE_STANDARD = gnu17;
				GCC_NO_COMMON_BLOCKS = YES;
				GCC_WARN_64_TO_32_BIT_CONVERSION = YES;
				GCC_WARN_ABOUT_RETURN_TYPE = YES_ERROR;
				GCC_WARN_UNDECLARED_SELECTOR = YES;
				GCC_WARN_UNINITIALIZED_AUTOS = YES_AGGRESSIVE;
				GCC_WARN_UNUSED_FUNCTION = YES;
				GCC_WARN_UNUSED_VARIABLE = YES;
				LOCALIZATION_PREFERS_STRING_CATALOGS = YES;
				MACOSX_DEPLOYMENT_TARGET = 14.1;
				MTL_ENABLE_DEBUG_INFO = NO;
				MTL_FAST_MATH = YES;
				SDKROOT = macosx;
				SWIFT_COMPILATION_MODE = wholemodule;
			};
			name = Release;
		};
		BE84A82F2DFEA32C0041988F /* Debug */ = {
			isa = XCBuildConfiguration;
			buildSettings = {
				ASSETCATALOG_COMPILER_APPICON_NAME = AppIcon;
				ASSETCATALOG_COMPILER_GLOBAL_ACCENT_COLOR_NAME = AccentColor;
				CODE_SIGN_ENTITLEMENTS = FlowKeys/FlowKeys.entitlements;
				CODE_SIGN_STYLE = Automatic;
				COMBINE_HIDPI_IMAGES = YES;
				CURRENT_PROJECT_VERSION = 1;
				GENERATE_INFOPLIST_FILE = YES;
				INFOPLIST_KEY_NSHumanReadableCopyright = "";
				INFOPLIST_KEY_NSMainStoryboardFile = Main;
				INFOPLIST_KEY_NSPrincipalClass = NSApplication;
				LD_RUNPATH_SEARCH_PATHS = (
					"$(inherited)",
					"@executable_path/../Frameworks",
				);
				MARKETING_VERSION = 1.0;
				PRODUCT_BUNDLE_IDENTIFIER = Spade.FlowKeys;
				PRODUCT_NAME = "$(TARGET_NAME)";
				SWIFT_EMIT_LOC_STRINGS = YES;
				SWIFT_VERSION = 5.0;
			};
			name = Debug;
		};
		BE84A8302DFEA32C0041988F /* Release */ = {
			isa = XCBuildConfiguration;
			buildSettings = {
				ASSETCATALOG_COMPILER_APPICON_NAME = AppIcon;
				ASSETCATALOG_COMPILER_GLOBAL_ACCENT_COLOR_NAME = AccentColor;
				CODE_SIGN_ENTITLEMENTS = FlowKeys/FlowKeys.entitlements;
				CODE_SIGN_STYLE = Automatic;
				COMBINE_HIDPI_IMAGES = YES;
				CURRENT_PROJECT_VERSION = 1;
				GENERATE_INFOPLIST_FILE = YES;
				INFOPLIST_KEY_NSHumanReadableCopyright = "";
				INFOPLIST_KEY_NSMainStoryboardFile = Main;
				INFOPLIST_KEY_NSPrincipalClass = NSApplication;
				LD_RUNPATH_SEARCH_PATHS = (
					"$(inherited)",
					"@executable_path/../Frameworks",
				);
				MARKETING_VERSION = 1.0;
				PRODUCT_BUNDLE_IDENTIFIER = Spade.FlowKeys;
				PRODUCT_NAME = "$(TARGET_NAME)";
				SWIFT_EMIT_LOC_STRINGS = YES;
				SWIFT_VERSION = 5.0;
			};
			name = Release;
		};
		BE84A8322DFEA32C0041988F /* Debug */ = {
			isa = XCBuildConfiguration;
			buildSettings = {
				ALWAYS_EMBED_SWIFT_STANDARD_LIBRARIES = YES;
				BUNDLE_LOADER = "$(TEST_HOST)";
				CODE_SIGN_STYLE = Automatic;
				CURRENT_PROJECT_VERSION = 1;
				GENERATE_INFOPLIST_FILE = YES;
				MACOSX_DEPLOYMENT_TARGET = 14.1;
				MARKETING_VERSION = 1.0;
				PRODUCT_BUNDLE_IDENTIFIER = Spade.FlowKeysTests;
				PRODUCT_NAME = "$(TARGET_NAME)";
				SWIFT_EMIT_LOC_STRINGS = NO;
				SWIFT_VERSION = 5.0;
				TEST_HOST = "$(BUILT_PRODUCTS_DIR)/FlowKeys.app/$(BUNDLE_EXECUTABLE_FOLDER_PATH)/FlowKeys";
			};
			name = Debug;
		};
		BE84A8332DFEA32C0041988F /* Release */ = {
			isa = XCBuildConfiguration;
			buildSettings = {
				ALWAYS_EMBED_SWIFT_STANDARD_LIBRARIES = YES;
				BUNDLE_LOADER = "$(TEST_HOST)";
				CODE_SIGN_STYLE = Automatic;
				CURRENT_PROJECT_VERSION = 1;
				GENERATE_INFOPLIST_FILE = YES;
				MACOSX_DEPLOYMENT_TARGET = 14.1;
				MARKETING_VERSION = 1.0;
				PRODUCT_BUNDLE_IDENTIFIER = Spade.FlowKeysTests;
				PRODUCT_NAME = "$(TARGET_NAME)";
				SWIFT_EMIT_LOC_STRINGS = NO;
				SWIFT_VERSION = 5.0;
				TEST_HOST = "$(BUILT_PRODUCTS_DIR)/FlowKeys.app/$(BUNDLE_EXECUTABLE_FOLDER_PATH)/FlowKeys";
			};
			name = Release;
		};
		BE84A8352DFEA32C0041988F /* Debug */ = {
			isa = XCBuildConfiguration;
			buildSettings = {
				ALWAYS_EMBED_SWIFT_STANDARD_LIBRARIES = YES;
				CODE_SIGN_STYLE = Automatic;
				CURRENT_PROJECT_VERSION = 1;
				GENERATE_INFOPLIST_FILE = YES;
				MARKETING_VERSION = 1.0;
				PRODUCT_BUNDLE_IDENTIFIER = Spade.FlowKeysUITests;
				PRODUCT_NAME = "$(TARGET_NAME)";
				SWIFT_EMIT_LOC_STRINGS = NO;
				SWIFT_VERSION = 5.0;
				TEST_TARGET_NAME = FlowKeys;
			};
			name = Debug;
		};
		BE84A8362DFEA32C0041988F /* Release */ = {
			isa = XCBuildConfiguration;
			buildSettings = {
				ALWAYS_EMBED_SWIFT_STANDARD_LIBRARIES = YES;
				CODE_SIGN_STYLE = Automatic;
				CURRENT_PROJECT_VERSION = 1;
				GENERATE_INFOPLIST_FILE = YES;
				MARKETING_VERSION = 1.0;
				PRODUCT_BUNDLE_IDENTIFIER = Spade.FlowKeysUITests;
				PRODUCT_NAME = "$(TARGET_NAME)";
				SWIFT_EMIT_LOC_STRINGS = NO;
				SWIFT_VERSION = 5.0;
				TEST_TARGET_NAME = FlowKeys;
			};
			name = Release;
		};
/* End XCBuildConfiguration section */

/* Begin XCConfigurationList section */
		BE84A8042DFEA32B0041988F /* Build configuration list for PBXProject "FlowKeys" */ = {
			isa = XCConfigurationList;
			buildConfigurations = (
				BE84A82C2DFEA32C0041988F /* Debug */,
				BE84A82D2DFEA32C0041988F /* Release */,
			);
			defaultConfigurationIsVisible = 0;
			defaultConfigurationName = Release;
		};
		BE84A82E2DFEA32C0041988F /* Build configuration list for PBXNativeTarget "FlowKeys" */ = {
			isa = XCConfigurationList;
			buildConfigurations = (
				BE84A82F2DFEA32C0041988F /* Debug */,
				BE84A8302DFEA32C0041988F /* Release */,
			);
			defaultConfigurationIsVisible = 0;
			defaultConfigurationName = Release;
		};
		BE84A8312DFEA32C0041988F /* Build configuration list for PBXNativeTarget "FlowKeysTests" */ = {
			isa = XCConfigurationList;
			buildConfigurations = (
				BE84A8322DFEA32C0041988F /* Debug */,
				BE84A8332DFEA32C0041988F /* Release */,
			);
			defaultConfigurationIsVisible = 0;
			defaultConfigurationName = Release;
		};
		BE84A8342DFEA32C0041988F /* Build configuration list for PBXNativeTarget "FlowKeysUITests" */ = {
			isa = XCConfigurationList;
			buildConfigurations = (
				BE84A8352DFEA32C0041988F /* Debug */,
				BE84A8362DFEA32C0041988F /* Release */,
			);
			defaultConfigurationIsVisible = 0;
			defaultConfigurationName = Release;
		};
/* End XCConfigurationList section */
	};
	rootObject = BE84A8012DFEA32B0041988F /* Project object */;
}
